// !$*UTF8*$!
{
	archiveVersion = 1;
	classes = {
	};
	objectVersion = 46;
	objects = {

/* Begin PBXBuildFile section */
		77D41C6B1D384AAF00DA53BF /* AppDelegate.swift in Sources */ = {isa = PBXBuildFile; fileRef = 77D41C6A1D384AAF00DA53BF /* AppDelegate.swift */; };
		77D41C6D1D384AAF00DA53BF /* ViewController.swift in Sources */ = {isa = PBXBuildFile; fileRef = 77D41C6C1D384AAF00DA53BF /* ViewController.swift */; };
		77D41C701D384AAF00DA53BF /* Main.storyboard in Resources */ = {isa = PBXBuildFile; fileRef = 77D41C6E1D384AAF00DA53BF /* Main.storyboard */; };
		77D41C721D384AAF00DA53BF /* Assets.xcassets in Resources */ = {isa = PBXBuildFile; fileRef = 77D41C711D384AAF00DA53BF /* Assets.xcassets */; };
		77D41C751D384AAF00DA53BF /* LaunchScreen.storyboard in Resources */ = {isa = PBXBuildFile; fileRef = 77D41C731D384AAF00DA53BF /* LaunchScreen.storyboard */; };
		77F3F4E31D42DA7C0000685E /* AboutViewController.swift in Sources */ = {isa = PBXBuildFile; fileRef = 77F3F4E21D42DA7C0000685E /* AboutViewController.swift */; };
/* End PBXBuildFile section */

/* Begin PBXFileReference section */
		77D41C671D384AAF00DA53BF /* BullsEye.app */ = {isa = PBXFileReference; explicitFileType = wrapper.application; includeInIndex = 0; path = BullsEye.app; sourceTree = BUILT_PRODUCTS_DIR; };
		77D41C6A1D384AAF00DA53BF /* AppDelegate.swift */ = {isa = PBXFileReference; lastKnownFileType = sourcecode.swift; path = AppDelegate.swift; sourceTree = "<group>"; };
		77D41C6C1D384AAF00DA53BF /* ViewController.swift */ = {isa = PBXFileReference; lastKnownFileType = sourcecode.swift; path = ViewController.swift; sourceTree = "<group>"; };
		77D41C6F1D384AAF00DA53BF /* Base */ = {isa = PBXFileReference; lastKnownFileType = file.storyboard; name = Base; path = Base.lproj/Main.storyboard; sourceTree = "<group>"; };
		77D41C711D384AAF00DA53BF /* Assets.xcassets */ = {isa = PBXFileReference; lastKnownFileType = folder.assetcatalog; path = Assets.xcassets; sourceTree = "<group>"; };
		77D41C741D384AAF00DA53BF /* Base */ = {isa = PBXFileReference; lastKnownFileType = file.storyboard; name = Base; path = Base.lproj/LaunchScreen.storyboard; sourceTree = "<group>"; };
		77D41C761D384AAF00DA53BF /* Info.plist */ = {isa = PBXFileReference; lastKnownFileType = text.plist.xml; path = Info.plist; sourceTree = "<group>"; };
		77F3F4E21D42DA7C0000685E /* AboutViewController.swift */ = {isa = PBXFileReference; fileEncoding = 4; lastKnownFileType = sourcecode.swift; path = AboutViewController.swift; sourceTree = "<group>"; };
/* End PBXFileReference section */

/* Begin PBXFrameworksBuildPhase section */
		77D41C641D384AAF00DA53BF /* Frameworks */ = {
			isa = PBXFrameworksBuildPhase;
			buildActionMask = 2147483647;
			files = (
			);
			runOnlyForDeploymentPostprocessing = 0;
		};
/* End PBXFrameworksBuildPhase section */

/* Begin PBXGroup section */
		77D41C5E1D384AAF00DA53BF = {
			isa = PBXGroup;
			children = (
				77D41C691D384AAF00DA53BF /* BullsEye */,
				77D41C681D384AAF00DA53BF /* Products */,
			);
			sourceTree = "<group>";
		};
		77D41C681D384AAF00DA53BF /* Products */ = {
			isa = PBXGroup;
			children = (
				77D41C671D384AAF00DA53BF /* BullsEye.app */,
			);
			name = Products;
			sourceTree = "<group>";
		};
		77D41C691D384AAF00DA53BF /* BullsEye */ = {
			isa = PBXGroup;
			children = (
				77D41C6A1D384AAF00DA53BF /* AppDelegate.swift */,
				77D41C6C1D384AAF00DA53BF /* ViewController.swift */,
				77D41C6E1D384AAF00DA53BF /* Main.storyboard */,
				77F3F4E21D42DA7C0000685E /* AboutViewController.swift */,
				77D41C711D384AAF00DA53BF /* Assets.xcassets */,
				77D41C731D384AAF00DA53BF /* LaunchScreen.storyboard */,
				77D41C761D384AAF00DA53BF /* Info.plist */,
			);
			path = BullsEye;
			sourceTree = "<group>";
		};
/* End PBXGroup section */

/* Begin PBXNativeTarget section */
		77D41C661D384AAF00DA53BF /* BullsEye */ = {
			isa = PBXNativeTarget;
			buildConfigurationList = 77D41C791D384AAF00DA53BF /* Build configuration list for PBXNativeTarget "BullsEye" */;
			buildPhases = (
				77D41C631D384AAF00DA53BF /* Sources */,
				77D41C641D384AAF00DA53BF /* Frameworks */,
				77D41C651D384AAF00DA53BF /* Resources */,
			);
			buildRules = (
			);
			dependencies = (
			);
			name = BullsEye;
			productName = BullsEye;
			productReference = 77D41C671D384AAF00DA53BF /* BullsEye.app */;
			productType = "com.apple.product-type.application";
		};
/* End PBXNativeTarget section */

/* Begin PBXProject section */
		77D41C5F1D384AAF00DA53BF /* Project object */ = {
			isa = PBXProject;
			attributes = {
				LastSwiftUpdateCheck = 0730;
				LastUpgradeCheck = 0730;
				ORGANIZATIONNAME = ENVOY;
				TargetAttributes = {
					77D41C661D384AAF00DA53BF = {
						CreatedOnToolsVersion = 7.3.1;
					};
				};
			};
			buildConfigurationList = 77D41C621D384AAF00DA53BF /* Build configuration list for PBXProject "BullsEye" */;
			compatibilityVersion = "Xcode 3.2";
			developmentRegion = English;
			hasScannedForEncodings = 0;
			knownRegions = (
				en,
				Base,
			);
			mainGroup = 77D41C5E1D384AAF00DA53BF;
			productRefGroup = 77D41C681D384AAF00DA53BF /* Products */;
			projectDirPath = "";
			projectRoot = "";
			targets = (
				77D41C661D384AAF00DA53BF /* BullsEye */,
			);
		};
/* End PBXProject section */

/* Begin PBXResourcesBuildPhase section */
		77D41C651D384AAF00DA53BF /* Resources */ = {
			isa = PBXResourcesBuildPhase;
			buildActionMask = 2147483647;
			files = (
				77D41C751D384AAF00DA53BF /* LaunchScreen.storyboard in Resources */,
				77D41C721D384AAF00DA53BF /* Assets.xcassets in Resources */,
				77D41C701D384AAF00DA53BF /* Main.storyboard in Resources */,
			);
			runOnlyForDeploymentPostprocessing = 0;
		};
/* End PBXResourcesBuildPhase section */

/* Begin PBXSourcesBuildPhase section */
		77D41C631D384AAF00DA53BF /* Sources */ = {
			isa = PBXSourcesBuildPhase;
			buildActionMask = 2147483647;
			files = (
				77F3F4E31D42DA7C0000685E /* AboutViewController.swift in Sources */,
				77D41C6D1D384AAF00DA53BF /* ViewController.swift in Sources */,
				77D41C6B1D384AAF00DA53BF /* AppDelegate.swift in Sources */,
			);
			runOnlyForDeploymentPostprocessing = 0;
		};
/* End PBXSourcesBuildPhase section */

/* Begin PBXVariantGroup section */
		77D41C6E1D384AAF00DA53BF /* Main.storyboard */ = {
			isa = PBXVariantGroup;
			children = (
				77D41C6F1D384AAF00DA53BF /* Base */,
			);
			name = Main.storyboard;
			sourceTree = "<group>";
		};
		77D41C731D384AAF00DA53BF /* LaunchScreen.storyboard */ = {
			isa = PBXVariantGroup;
			children = (
				77D41C741D384AAF00DA53BF /* Base */,
			);
			name = LaunchScreen.storyboard;
			sourceTree = "<group>";
		};
/* End PBXVariantGroup section */

/* Begin XCBuildConfiguration section */
		77D41C771D384AAF00DA53BF /* Debug */ = {
			isa = XCBuildConfiguration;
			buildSettings = {
				ALWAYS_SEARCH_USER_PATHS = NO;
				CLANG_ANALYZER_NONNULL = YES;
				CLANG_CXX_LANGUAGE_STANDARD = "gnu++0x";
				CLANG_CXX_LIBRARY = "libc++";
				CLANG_ENABLE_MODULES = YES;
				CLANG_ENABLE_OBJC_ARC = YES;
				CLANG_WARN_BOOL_CONVERSION = YES;
				CLANG_WARN_CONSTANT_CONVERSION = YES;
				CLANG_WARN_DIRECT_OBJC_ISA_USAGE = YES_ERROR;
				CLANG_WARN_EMPTY_BODY = YES;
				CLANG_WARN_ENUM_CONVERSION = YES;
				CLANG_WARN_INT_CONVERSION = YES;
				CLANG_WARN_OBJC_ROOT_CLASS = YES_ERROR;
				CLANG_WARN_UNREACHABLE_CODE = YES;
				CLANG_WARN__DUPLICATE_METHOD_MATCH = YES;
				"CODE_SIGN_IDENTITY[sdk=iphoneos*]" = "iPhone Developer";
				COPY_PHASE_STRIP = NO;
				DEBUG_INFORMATION_FORMAT = dwarf;
				ENABLE_STRICT_OBJC_MSGSEND = YES;
				ENABLE_TESTABILITY = YES;
				GCC_C_LANGUAGE_STANDARD = gnu99;
				GCC_DYNAMIC_NO_PIC = NO;
				GCC_NO_COMMON_BLOCKS = YES;
				GCC_OPTIMIZATION_LEVEL = 0;
				GCC_PREPROCESSOR_DEFINITIONS = (
					"DEBUG=1",
					"$(inherited)",
				);
				GCC_WARN_64_TO_32_BIT_CONVERSION = YES;
				GCC_WARN_ABOUT_RETURN_TYPE = YES_ERROR;
				GCC_WARN_UNDECLARED_SELECTOR = YES;
				GCC_WARN_UNINITIALIZED_AUTOS = YES_AGGRESSIVE;
				GCC_WARN_UNUSED_FUNCTION = YES;
				GCC_WARN_UNUSED_VARIABLE = YES;
				IPHONEOS_DEPLOYMENT_TARGET = 9.3;
				MTL_ENABLE_DEBUG_INFO = YES;
				ONLY_ACTIVE_ARCH = YES;
				SDKROOT = iphoneos;
				SWIFT_OPTIMIZATION_LEVEL = "-Onone";
			};
			name = Debug;
		};
		77D41C781D384AAF00DA53BF /* Release */ = {
			isa = XCBuildConfiguration;
			buildSettings = {
				ALWAYS_SEARCH_USER_PATHS = NO;
				CLANG_ANALYZER_NONNULL = YES;
				CLANG_CXX_LANGUAGE_STANDARD = "gnu++0x";
				CLANG_CXX_LIBRARY = "libc++";
				CLANG_ENABLE_MODULES = YES;
				CLANG_ENABLE_OBJC_ARC = YES;
				CLANG_WARN_BOOL_CONVERSION = YES;
				CLANG_WARN_CONSTANT_CONVERSION = YES;
				CLANG_WARN_DIRECT_OBJC_ISA_USAGE = YES_ERROR;
				CLANG_WARN_EMPTY_BODY = YES;
				CLANG_WARN_ENUM_CONVERSION = YES;
				CLANG_WARN_INT_CONVERSION = YES;
				CLANG_WARN_OBJC_ROOT_CLASS = YES_ERROR;
				CLANG_WARN_UNREACHABLE_CODE = YES;
				CLANG_WARN__DUPLICATE_METHOD_MATCH = YES;
				"CODE_SIGN_IDENTITY[sdk=iphoneos*]" = "iPhone Developer";
				COPY_PHASE_STRIP = NO;
				DEBUG_INFORMATION_FORMAT = "dwarf-with-dsym";
				ENABLE_NS_ASSERTIONS = NO;
				ENABLE_STRICT_OBJC_MSGSEND = YES;
				GCC_C_LANGUAGE_STANDARD = gnu99;
				GCC_NO_COMMON_BLOCKS = YES;
				GCC_WARN_64_TO_32_BIT_CONVERSION = YES;
				GCC_WARN_ABOUT_RETURN_TYPE = YES_ERROR;
				GCC_WARN_UNDECLARED_SELECTOR = YES;
				GCC_WARN_UNINITIALIZED_AUTOS = YES_AGGRESSIVE;
				GCC_WARN_UNUSED_FUNCTION = YES;
				GCC_WARN_UNUSED_VARIABLE = YES;
				IPHONEOS_DEPLOYMENT_TARGET = 9.3;
				MTL_ENABLE_DEBUG_INFO = NO;
				SDKROOT = iphoneos;
				VALIDATE_PRODUCT = YES;
			};
			name = Release;
		};
		77D41C7A1D384AAF00DA53BF /* Debug */ = {
			isa = XCBuildConfiguration;
			buildSettings = {
				ASSETCATALOG_COMPILER_APPICON_NAME = AppIcon;
				INFOPLIST_FILE = BullsEye/Info.plist;
				LD_RUNPATH_SEARCH_PATHS = "$(inherited) @executable_path/Frameworks";
				PRODUCT_BUNDLE_IDENTIFIER = com.envoy.BullsEye;
				PRODUCT_NAME = "$(TARGET_NAME)";
			};
			name = Debug;
		};
		77D41C7B1D384AAF00DA53BF /* Release */ = {
			isa = XCBuildConfiguration;
			buildSettings = {
				ASSETCATALOG_COMPILER_APPICON_NAME = AppIcon;
				INFOPLIST_FILE = BullsEye/Info.plist;
				LD_RUNPATH_SEARCH_PATHS = "$(inherited) @executable_path/Frameworks";
				PRODUCT_BUNDLE_IDENTIFIER = com.envoy.BullsEye;
				PRODUCT_NAME = "$(TARGET_NAME)";
			};
			name = Release;
		};
/* End XCBuildConfiguration section */

/* Begin XCConfigurationList section */
		77D41C621D384AAF00DA53BF /* Build configuration list for PBXProject "BullsEye" */ = {
			isa = XCConfigurationList;
			buildConfigurations = (
				77D41C771D384AAF00DA53BF /* Debug */,
				77D41C781D384AAF00DA53BF /* Release */,
			);
			defaultConfigurationIsVisible = 0;
			defaultConfigurationName = Release;
		};
		77D41C791D384AAF00DA53BF /* Build configuration list for PBXNativeTarget "BullsEye" */ = {
			isa = XCConfigurationList;
			buildConfigurations = (
				77D41C7A1D384AAF00DA53BF /* Debug */,
				77D41C7B1D384AAF00DA53BF /* Release */,
			);
			defaultConfigurationIsVisible = 0;
			defaultConfigurationName = Release;
		};
/* End XCConfigurationList section */
	};
	rootObject = 77D41C5F1D384AAF00DA53BF /* Project object */;
}
